// !$*UTF8*$!
{
	archiveVersion = 1;
	classes = {
	};
	objectVersion = 77;
	objects = {

/* Begin PBXBuildFile section */
		BC4B6D592D801CF900A872F1 /* Alamofire in Frameworks */ = {isa = PBXBuildFile; productRef = BC4B6D582D801CF900A872F1 /* Alamofire */; };
		BC4B6D632D80480400A872F1 /* ClientData.swift in Sources */ = {isa = PBXBuildFile; fileRef = BC4B6D622D8047F500A872F1 /* ClientData.swift */; };
/* End PBXBuildFile section */

/* Begin PBXContainerItemProxy section */
		BC4B6CEE2D7D663100A872F1 /* PBXContainerItemProxy */ = {
			isa = PBXContainerItemProxy;
			containerPortal = BC4B6CD52D7D662F00A872F1 /* Project object */;
			proxyType = 1;
			remoteGlobalIDString = BC4B6CDC2D7D662F00A872F1;
			remoteInfo = Ongaku;
		};
		BC4B6CF82D7D663100A872F1 /* PBXContainerItemProxy */ = {
			isa = PBXContainerItemProxy;
			containerPortal = BC4B6CD52D7D662F00A872F1 /* Project object */;
			proxyType = 1;
			remoteGlobalIDString = BC4B6CDC2D7D662F00A872F1;
			remoteInfo = Ongaku;
		};
/* End PBXContainerItemProxy section */

/* Begin PBXCopyFilesBuildPhase section */
		BC4B6D5D2D801CF900A872F1 /* Embed Frameworks */ = {
			isa = PBXCopyFilesBuildPhase;
			buildActionMask = 2147483647;
			dstPath = "";
			dstSubfolderSpec = 10;
			files = (
			);
			name = "Embed Frameworks";
			runOnlyForDeploymentPostprocessing = 0;
		};
/* End PBXCopyFilesBuildPhase section */

/* Begin PBXFileReference section */
		BC4B6CDD2D7D662F00A872F1 /* Ongaku.app */ = {isa = PBXFileReference; explicitFileType = wrapper.application; includeInIndex = 0; path = Ongaku.app; sourceTree = BUILT_PRODUCTS_DIR; };
		BC4B6CED2D7D663100A872F1 /* OngakuTests.xctest */ = {isa = PBXFileReference; explicitFileType = wrapper.cfbundle; includeInIndex = 0; path = OngakuTests.xctest; sourceTree = BUILT_PRODUCTS_DIR; };
		BC4B6CF72D7D663100A872F1 /* OngakuUITests.xctest */ = {isa = PBXFileReference; explicitFileType = wrapper.cfbundle; includeInIndex = 0; path = OngakuUITests.xctest; sourceTree = BUILT_PRODUCTS_DIR; };
		BC4B6D622D8047F500A872F1 /* ClientData.swift */ = {isa = PBXFileReference; lastKnownFileType = sourcecode.swift; path = ClientData.swift; sourceTree = "<group>"; };
/* End PBXFileReference section */

/* Begin PBXFileSystemSynchronizedRootGroup section */
		BC4B6CDF2D7D662F00A872F1 /* Ongaku */ = {
			isa = PBXFileSystemSynchronizedRootGroup;
			path = Ongaku;
			sourceTree = "<group>";
		};
		BC4B6CF02D7D663100A872F1 /* OngakuTests */ = {
			isa = PBXFileSystemSynchronizedRootGroup;
			path = OngakuTests;
			sourceTree = "<group>";
		};
		BC4B6CFA2D7D663100A872F1 /* OngakuUITests */ = {
			isa = PBXFileSystemSynchronizedRootGroup;
			path = OngakuUITests;
			sourceTree = "<group>";
		};
/* End PBXFileSystemSynchronizedRootGroup section */

/* Begin PBXFrameworksBuildPhase section */
		BC4B6CDA2D7D662F00A872F1 /* Frameworks */ = {
			isa = PBXFrameworksBuildPhase;
			buildActionMask = 2147483647;
			files = (
				BC4B6D592D801CF900A872F1 /* Alamofire in Frameworks */,
			);
			runOnlyForDeploymentPostprocessing = 0;
		};
		BC4B6CEA2D7D663100A872F1 /* Frameworks */ = {
			isa = PBXFrameworksBuildPhase;
			buildActionMask = 2147483647;
			files = (
			);
			runOnlyForDeploymentPostprocessing = 0;
		};
		BC4B6CF42D7D663100A872F1 /* Frameworks */ = {
			isa = PBXFrameworksBuildPhase;
			buildActionMask = 2147483647;
			files = (
			);
			runOnlyForDeploymentPostprocessing = 0;
		};
/* End PBXFrameworksBuildPhase section */

/* Begin PBXGroup section */
		BC4B6CD42D7D662F00A872F1 = {
			isa = PBXGroup;
			children = (
				BC4B6D622D8047F500A872F1 /* ClientData.swift */,
				BC4B6CDF2D7D662F00A872F1 /* Ongaku */,
				BC4B6CF02D7D663100A872F1 /* OngakuTests */,
				BC4B6CFA2D7D663100A872F1 /* OngakuUITests */,
				BC4B6D572D801CF900A872F1 /* Frameworks */,
				BC4B6CDE2D7D662F00A872F1 /* Products */,
			);
			sourceTree = "<group>";
		};
		BC4B6CDE2D7D662F00A872F1 /* Products */ = {
			isa = PBXGroup;
			children = (
				BC4B6CDD2D7D662F00A872F1 /* Ongaku.app */,
				BC4B6CED2D7D663100A872F1 /* OngakuTests.xctest */,
				BC4B6CF72D7D663100A872F1 /* OngakuUITests.xctest */,
			);
			name = Products;
			sourceTree = "<group>";
		};
		BC4B6D572D801CF900A872F1 /* Frameworks */ = {
			isa = PBXGroup;
			children = (
			);
			name = Frameworks;
			sourceTree = "<group>";
		};
/* End PBXGroup section */

/* Begin PBXNativeTarget section */
		BC4B6CDC2D7D662F00A872F1 /* Ongaku */ = {
			isa = PBXNativeTarget;
			buildConfigurationList = BC4B6D012D7D663100A872F1 /* Build configuration list for PBXNativeTarget "Ongaku" */;
			buildPhases = (
				BC4B6CD92D7D662F00A872F1 /* Sources */,
				BC4B6CDA2D7D662F00A872F1 /* Frameworks */,
				BC4B6CDB2D7D662F00A872F1 /* Resources */,
				BC4B6D5D2D801CF900A872F1 /* Embed Frameworks */,
			);
			buildRules = (
			);
			dependencies = (
			);
			fileSystemSynchronizedGroups = (
				BC4B6CDF2D7D662F00A872F1 /* Ongaku */,
			);
			name = Ongaku;
			packageProductDependencies = (
				BC4B6D582D801CF900A872F1 /* Alamofire */,
			);
			productName = Ongaku;
			productReference = BC4B6CDD2D7D662F00A872F1 /* Ongaku.app */;
			productType = "com.apple.product-type.application";
		};
		BC4B6CEC2D7D663100A872F1 /* OngakuTests */ = {
			isa = PBXNativeTarget;
			buildConfigurationList = BC4B6D042D7D663100A872F1 /* Build configuration list for PBXNativeTarget "OngakuTests" */;
			buildPhases = (
				BC4B6CE92D7D663100A872F1 /* Sources */,
				BC4B6CEA2D7D663100A872F1 /* Frameworks */,
				BC4B6CEB2D7D663100A872F1 /* Resources */,
			);
			buildRules = (
			);
			dependencies = (
				BC4B6CEF2D7D663100A872F1 /* PBXTargetDependency */,
			);
			fileSystemSynchronizedGroups = (
				BC4B6CF02D7D663100A872F1 /* OngakuTests */,
			);
			name = OngakuTests;
			packageProductDependencies = (
			);
			productName = OngakuTests;
			productReference = BC4B6CED2D7D663100A872F1 /* OngakuTests.xctest */;
			productType = "com.apple.product-type.bundle.unit-test";
		};
		BC4B6CF62D7D663100A872F1 /* OngakuUITests */ = {
			isa = PBXNativeTarget;
			buildConfigurationList = BC4B6D072D7D663100A872F1 /* Build configuration list for PBXNativeTarget "OngakuUITests" */;
			buildPhases = (
				BC4B6CF32D7D663100A872F1 /* Sources */,
				BC4B6CF42D7D663100A872F1 /* Frameworks */,
				BC4B6CF52D7D663100A872F1 /* Resources */,
			);
			buildRules = (
			);
			dependencies = (
				BC4B6CF92D7D663100A872F1 /* PBXTargetDependency */,
			);
			fileSystemSynchronizedGroups = (
				BC4B6CFA2D7D663100A872F1 /* OngakuUITests */,
			);
			name = OngakuUITests;
			packageProductDependencies = (
			);
			productName = OngakuUITests;
			productReference = BC4B6CF72D7D663100A872F1 /* OngakuUITests.xctest */;
			productType = "com.apple.product-type.bundle.ui-testing";
		};
/* End PBXNativeTarget section */

/* Begin PBXProject section */
		BC4B6CD52D7D662F00A872F1 /* Project object */ = {
			isa = PBXProject;
			attributes = {
				BuildIndependentTargetsInParallel = 1;
				LastSwiftUpdateCheck = 1620;
				LastUpgradeCheck = 1620;
				TargetAttributes = {
					BC4B6CDC2D7D662F00A872F1 = {
						CreatedOnToolsVersion = 16.2;
					};
					BC4B6CEC2D7D663100A872F1 = {
						CreatedOnToolsVersion = 16.2;
						TestTargetID = BC4B6CDC2D7D662F00A872F1;
					};
					BC4B6CF62D7D663100A872F1 = {
						CreatedOnToolsVersion = 16.2;
						TestTargetID = BC4B6CDC2D7D662F00A872F1;
					};
				};
			};
			buildConfigurationList = BC4B6CD82D7D662F00A872F1 /* Build configuration list for PBXProject "Ongaku" */;
			developmentRegion = en;
			hasScannedForEncodings = 0;
			knownRegions = (
				en,
				Base,
			);
			mainGroup = BC4B6CD42D7D662F00A872F1;
			minimizedProjectReferenceProxies = 1;
			packageReferences = (
				BC4B6D2D2D801AB100A872F1 /* XCRemoteSwiftPackageReference "Alamofire" */,
			);
			preferredProjectObjectVersion = 77;
			productRefGroup = BC4B6CDE2D7D662F00A872F1 /* Products */;
			projectDirPath = "";
			projectRoot = "";
			targets = (
				BC4B6CDC2D7D662F00A872F1 /* Ongaku */,
				BC4B6CEC2D7D663100A872F1 /* OngakuTests */,
				BC4B6CF62D7D663100A872F1 /* OngakuUITests */,
			);
		};
/* End PBXProject section */

/* Begin PBXResourcesBuildPhase section */
		BC4B6CDB2D7D662F00A872F1 /* Resources */ = {
			isa = PBXResourcesBuildPhase;
			buildActionMask = 2147483647;
			files = (
			);
			runOnlyForDeploymentPostprocessing = 0;
		};
		BC4B6CEB2D7D663100A872F1 /* Resources */ = {
			isa = PBXResourcesBuildPhase;
			buildActionMask = 2147483647;
			files = (
			);
			runOnlyForDeploymentPostprocessing = 0;
		};
		BC4B6CF52D7D663100A872F1 /* Resources */ = {
			isa = PBXResourcesBuildPhase;
			buildActionMask = 2147483647;
			files = (
			);
			runOnlyForDeploymentPostprocessing = 0;
		};
/* End PBXResourcesBuildPhase section */

/* Begin PBXSourcesBuildPhase section */
		BC4B6CD92D7D662F00A872F1 /* Sources */ = {
			isa = PBXSourcesBuildPhase;
			buildActionMask = 2147483647;
			files = (
				BC4B6D632D80480400A872F1 /* ClientData.swift in Sources */,
			);
			runOnlyForDeploymentPostprocessing = 0;
		};
		BC4B6CE92D7D663100A872F1 /* Sources */ = {
			isa = PBXSourcesBuildPhase;
			buildActionMask = 2147483647;
			files = (
			);
			runOnlyForDeploymentPostprocessing = 0;
		};
		BC4B6CF32D7D663100A872F1 /* Sources */ = {
			isa = PBXSourcesBuildPhase;
			buildActionMask = 2147483647;
			files = (
			);
			runOnlyForDeploymentPostprocessing = 0;
		};
/* End PBXSourcesBuildPhase section */

/* Begin PBXTargetDependency section */
		BC4B6CEF2D7D663100A872F1 /* PBXTargetDependency */ = {
			isa = PBXTargetDependency;
			target = BC4B6CDC2D7D662F00A872F1 /* Ongaku */;
			targetProxy = BC4B6CEE2D7D663100A872F1 /* PBXContainerItemProxy */;
		};
		BC4B6CF92D7D663100A872F1 /* PBXTargetDependency */ = {
			isa = PBXTargetDependency;
			target = BC4B6CDC2D7D662F00A872F1 /* Ongaku */;
			targetProxy = BC4B6CF82D7D663100A872F1 /* PBXContainerItemProxy */;
		};
/* End PBXTargetDependency section */

/* Begin XCBuildConfiguration section */
		BC4B6CFF2D7D663100A872F1 /* Debug */ = {
			isa = XCBuildConfiguration;
			buildSettings = {
				ALWAYS_SEARCH_USER_PATHS = NO;
				ASSETCATALOG_COMPILER_GENERATE_SWIFT_ASSET_SYMBOL_EXTENSIONS = YES;
				CLANG_ANALYZER_NONNULL = YES;
				CLANG_ANALYZER_NUMBER_OBJECT_CONVERSION = YES_AGGRESSIVE;
				CLANG_CXX_LANGUAGE_STANDARD = "gnu++20";
				CLANG_ENABLE_MODULES = YES;
				CLANG_ENABLE_OBJC_ARC = YES;
				CLANG_ENABLE_OBJC_WEAK = YES;
				CLANG_WARN_BLOCK_CAPTURE_AUTORELEASING = YES;
				CLANG_WARN_BOOL_CONVERSION = YES;
				CLANG_WARN_COMMA = YES;
				CLANG_WARN_CONSTANT_CONVERSION = YES;
				CLANG_WARN_DEPRECATED_OBJC_IMPLEMENTATIONS = YES;
				CLANG_WARN_DIRECT_OBJC_ISA_USAGE = YES_ERROR;
				CLANG_WARN_DOCUMENTATION_COMMENTS = YES;
				CLANG_WARN_EMPTY_BODY = YES;
				CLANG_WARN_ENUM_CONVERSION = YES;
				CLANG_WARN_INFINITE_RECURSION = YES;
				CLANG_WARN_INT_CONVERSION = YES;
				CLANG_WARN_NON_LITERAL_NULL_CONVERSION = YES;
				CLANG_WARN_OBJC_IMPLICIT_RETAIN_SELF = YES;
				CLANG_WARN_OBJC_LITERAL_CONVERSION = YES;
				CLANG_WARN_OBJC_ROOT_CLASS = YES_ERROR;
				CLANG_WARN_QUOTED_INCLUDE_IN_FRAMEWORK_HEADER = YES;
				CLANG_WARN_RANGE_LOOP_ANALYSIS = YES;
				CLANG_WARN_STRICT_PROTOTYPES = YES;
				CLANG_WARN_SUSPICIOUS_MOVE = YES;
				CLANG_WARN_UNGUARDED_AVAILABILITY = YES_AGGRESSIVE;
				CLANG_WARN_UNREACHABLE_CODE = YES;
				CLANG_WARN__DUPLICATE_METHOD_MATCH = YES;
				COPY_PHASE_STRIP = NO;
				DEBUG_INFORMATION_FORMAT = dwarf;
				ENABLE_STRICT_OBJC_MSGSEND = YES;
				ENABLE_TESTABILITY = YES;
				ENABLE_USER_SCRIPT_SANDBOXING = YES;
				GCC_C_LANGUAGE_STANDARD = gnu17;
				GCC_DYNAMIC_NO_PIC = NO;
				GCC_NO_COMMON_BLOCKS = YES;
				GCC_OPTIMIZATION_LEVEL = 0;
				GCC_PREPROCESSOR_DEFINITIONS = (
					"DEBUG=1",
					"$(inherited)",
				);
				GCC_WARN_64_TO_32_BIT_CONVERSION = YES;
				GCC_WARN_ABOUT_RETURN_TYPE = YES_ERROR;
				GCC_WARN_UNDECLARED_SELECTOR = YES;
				GCC_WARN_UNINITIALIZED_AUTOS = YES_AGGRESSIVE;
				GCC_WARN_UNUSED_FUNCTION = YES;
				GCC_WARN_UNUSED_VARIABLE = YES;
				IPHONEOS_DEPLOYMENT_TARGET = 18.2;
				LOCALIZATION_PREFERS_STRING_CATALOGS = YES;
				MTL_ENABLE_DEBUG_INFO = INCLUDE_SOURCE;
				MTL_FAST_MATH = YES;
				ONLY_ACTIVE_ARCH = YES;
				SDKROOT = iphoneos;
				SWIFT_ACTIVE_COMPILATION_CONDITIONS = "DEBUG $(inherited)";
				SWIFT_OPTIMIZATION_LEVEL = "-Onone";
			};
			name = Debug;
		};
		BC4B6D002D7D663100A872F1 /* Release */ = {
			isa = XCBuildConfiguration;
			buildSettings = {
				ALWAYS_SEARCH_USER_PATHS = NO;
				ASSETCATALOG_COMPILER_GENERATE_SWIFT_ASSET_SYMBOL_EXTENSIONS = YES;
				CLANG_ANALYZER_NONNULL = YES;
				CLANG_ANALYZER_NUMBER_OBJECT_CONVERSION = YES_AGGRESSIVE;
				CLANG_CXX_LANGUAGE_STANDARD = "gnu++20";
				CLANG_ENABLE_MODULES = YES;
				CLANG_ENABLE_OBJC_ARC = YES;
				CLANG_ENABLE_OBJC_WEAK = YES;
				CLANG_WARN_BLOCK_CAPTURE_AUTORELEASING = YES;
				CLANG_WARN_BOOL_CONVERSION = YES;
				CLANG_WARN_COMMA = YES;
				CLANG_WARN_CONSTANT_CONVERSION = YES;
				CLANG_WARN_DEPRECATED_OBJC_IMPLEMENTATIONS = YES;
				CLANG_WARN_DIRECT_OBJC_ISA_USAGE = YES_ERROR;
				CLANG_WARN_DOCUMENTATION_COMMENTS = YES;
				CLANG_WARN_EMPTY_BODY = YES;
				CLANG_WARN_ENUM_CONVERSION = YES;
				CLANG_WARN_INFINITE_RECURSION = YES;
				CLANG_WARN_INT_CONVERSION = YES;
				CLANG_WARN_NON_LITERAL_NULL_CONVERSION = YES;
				CLANG_WARN_OBJC_IMPLICIT_RETAIN_SELF = YES;
				CLANG_WARN_OBJC_LITERAL_CONVERSION = YES;
				CLANG_WARN_OBJC_ROOT_CLASS = YES_ERROR;
				CLANG_WARN_QUOTED_INCLUDE_IN_FRAMEWORK_HEADER = YES;
				CLANG_WARN_RANGE_LOOP_ANALYSIS = YES;
				CLANG_WARN_STRICT_PROTOTYPES = YES;
				CLANG_WARN_SUSPICIOUS_MOVE = YES;
				CLANG_WARN_UNGUARDED_AVAILABILITY = YES_AGGRESSIVE;
				CLANG_WARN_UNREACHABLE_CODE = YES;
				CLANG_WARN__DUPLICATE_METHOD_MATCH = YES;
				COPY_PHASE_STRIP = NO;
				DEBUG_INFORMATION_FORMAT = "dwarf-with-dsym";
				ENABLE_NS_ASSERTIONS = NO;
				ENABLE_STRICT_OBJC_MSGSEND = YES;
				ENABLE_USER_SCRIPT_SANDBOXING = YES;
				GCC_C_LANGUAGE_STANDARD = gnu17;
				GCC_NO_COMMON_BLOCKS = YES;
				GCC_WARN_64_TO_32_BIT_CONVERSION = YES;
				GCC_WARN_ABOUT_RETURN_TYPE = YES_ERROR;
				GCC_WARN_UNDECLARED_SELECTOR = YES;
				GCC_WARN_UNINITIALIZED_AUTOS = YES_AGGRESSIVE;
				GCC_WARN_UNUSED_FUNCTION = YES;
				GCC_WARN_UNUSED_VARIABLE = YES;
				IPHONEOS_DEPLOYMENT_TARGET = 18.2;
				LOCALIZATION_PREFERS_STRING_CATALOGS = YES;
				MTL_ENABLE_DEBUG_INFO = NO;
				MTL_FAST_MATH = YES;
				SDKROOT = iphoneos;
				SWIFT_COMPILATION_MODE = wholemodule;
				VALIDATE_PRODUCT = YES;
			};
			name = Release;
		};
		BC4B6D022D7D663100A872F1 /* Debug */ = {
			isa = XCBuildConfiguration;
			buildSettings = {
				ASSETCATALOG_COMPILER_APPICON_NAME = AppIcon;
				ASSETCATALOG_COMPILER_GLOBAL_ACCENT_COLOR_NAME = AccentColor;
				CODE_SIGN_STYLE = Automatic;
				CURRENT_PROJECT_VERSION = 1;
				DEVELOPMENT_ASSET_PATHS = "\"Ongaku/Preview Content\"";
				DEVELOPMENT_TEAM = KP2NB9CB6V;
				ENABLE_PREVIEWS = YES;
				GENERATE_INFOPLIST_FILE = YES;
				INFOPLIST_KEY_UIApplicationSceneManifest_Generation = YES;
				INFOPLIST_KEY_UIApplicationSupportsIndirectInputEvents = YES;
				INFOPLIST_KEY_UILaunchScreen_Generation = YES;
				INFOPLIST_KEY_UISupportedInterfaceOrientations_iPad = "UIInterfaceOrientationPortrait UIInterfaceOrientationPortraitUpsideDown UIInterfaceOrientationLandscapeLeft UIInterfaceOrientationLandscapeRight";
				INFOPLIST_KEY_UISupportedInterfaceOrientations_iPhone = "UIInterfaceOrientationPortrait UIInterfaceOrientationLandscapeLeft UIInterfaceOrientationLandscapeRight";
				INFOPLIST_KEY_UIUserInterfaceStyle = Dark;
				LD_RUNPATH_SEARCH_PATHS = (
					"$(inherited)",
					"@executable_path/Frameworks",
				);
				MARKETING_VERSION = 1.0;
				PRODUCT_BUNDLE_IDENTIFIER = com.chicane.Ongaku;
				PRODUCT_NAME = "$(TARGET_NAME)";
				SWIFT_EMIT_LOC_STRINGS = YES;
				SWIFT_VERSION = 5.0;
				TARGETED_DEVICE_FAMILY = "1,2";
			};
			name = Debug;
		};
		BC4B6D032D7D663100A872F1 /* Release */ = {
			isa = XCBuildConfiguration;
			buildSettings = {
				ASSETCATALOG_COMPILER_APPICON_NAME = AppIcon;
				ASSETCATALOG_COMPILER_GLOBAL_ACCENT_COLOR_NAME = AccentColor;
				CODE_SIGN_STYLE = Automatic;
				CURRENT_PROJECT_VERSION = 1;
				DEVELOPMENT_ASSET_PATHS = "\"Ongaku/Preview Content\"";
				DEVELOPMENT_TEAM = KP2NB9CB6V;
				ENABLE_PREVIEWS = YES;
				GENERATE_INFOPLIST_FILE = YES;
				INFOPLIST_KEY_UIApplicationSceneManifest_Generation = YES;
				INFOPLIST_KEY_UIApplicationSupportsIndirectInputEvents = YES;
				INFOPLIST_KEY_UILaunchScreen_Generation = YES;
				INFOPLIST_KEY_UISupportedInterfaceOrientations_iPad = "UIInterfaceOrientationPortrait UIInterfaceOrientationPortraitUpsideDown UIInterfaceOrientationLandscapeLeft UIInterfaceOrientationLandscapeRight";
				INFOPLIST_KEY_UISupportedInterfaceOrientations_iPhone = "UIInterfaceOrientationPortrait UIInterfaceOrientationLandscapeLeft UIInterfaceOrientationLandscapeRight";
				INFOPLIST_KEY_UIUserInterfaceStyle = Dark;
				LD_RUNPATH_SEARCH_PATHS = (
					"$(inherited)",
					"@executable_path/Frameworks",
				);
				MARKETING_VERSION = 1.0;
				PRODUCT_BUNDLE_IDENTIFIER = com.chicane.Ongaku;
				PRODUCT_NAME = "$(TARGET_NAME)";
				SWIFT_EMIT_LOC_STRINGS = YES;
				SWIFT_VERSION = 5.0;
				TARGETED_DEVICE_FAMILY = "1,2";
			};
			name = Release;
		};
		BC4B6D052D7D663100A872F1 /* Debug */ = {
			isa = XCBuildConfiguration;
			buildSettings = {
				BUNDLE_LOADER = "$(TEST_HOST)";
				CODE_SIGN_STYLE = Automatic;
				CURRENT_PROJECT_VERSION = 1;
				DEVELOPMENT_TEAM = KP2NB9CB6V;
				GENERATE_INFOPLIST_FILE = YES;
				IPHONEOS_DEPLOYMENT_TARGET = 18.2;
				MARKETING_VERSION = 1.0;
				PRODUCT_BUNDLE_IDENTIFIER = com.chicane.OngakuTests;
				PRODUCT_NAME = "$(TARGET_NAME)";
				SWIFT_EMIT_LOC_STRINGS = NO;
				SWIFT_VERSION = 5.0;
				TARGETED_DEVICE_FAMILY = "1,2";
				TEST_HOST = "$(BUILT_PRODUCTS_DIR)/Ongaku.app/$(BUNDLE_EXECUTABLE_FOLDER_PATH)/Ongaku";
			};
			name = Debug;
		};
		BC4B6D062D7D663100A872F1 /* Release */ = {
			isa = XCBuildConfiguration;
			buildSettings = {
				BUNDLE_LOADER = "$(TEST_HOST)";
				CODE_SIGN_STYLE = Automatic;
				CURRENT_PROJECT_VERSION = 1;
				DEVELOPMENT_TEAM = KP2NB9CB6V;
				GENERATE_INFOPLIST_FILE = YES;
				IPHONEOS_DEPLOYMENT_TARGET = 18.2;
				MARKETING_VERSION = 1.0;
				PRODUCT_BUNDLE_IDENTIFIER = com.chicane.OngakuTests;
				PRODUCT_NAME = "$(TARGET_NAME)";
				SWIFT_EMIT_LOC_STRINGS = NO;
				SWIFT_VERSION = 5.0;
				TARGETED_DEVICE_FAMILY = "1,2";
				TEST_HOST = "$(BUILT_PRODUCTS_DIR)/Ongaku.app/$(BUNDLE_EXECUTABLE_FOLDER_PATH)/Ongaku";
			};
			name = Release;
		};
		BC4B6D082D7D663100A872F1 /* Debug */ = {
			isa = XCBuildConfiguration;
			buildSettings = {
				CODE_SIGN_STYLE = Automatic;
				CURRENT_PROJECT_VERSION = 1;
				DEVELOPMENT_TEAM = KP2NB9CB6V;
				GENERATE_INFOPLIST_FILE = YES;
				MARKETING_VERSION = 1.0;
				PRODUCT_BUNDLE_IDENTIFIER = com.chicane.OngakuUITests;
				PRODUCT_NAME = "$(TARGET_NAME)";
				SWIFT_EMIT_LOC_STRINGS = NO;
				SWIFT_VERSION = 5.0;
				TARGETED_DEVICE_FAMILY = "1,2";
				TEST_TARGET_NAME = Ongaku;
			};
			name = Debug;
		};
		BC4B6D092D7D663100A872F1 /* Release */ = {
			isa = XCBuildConfiguration;
			buildSettings = {
				CODE_SIGN_STYLE = Automatic;
				CURRENT_PROJECT_VERSION = 1;
				DEVELOPMENT_TEAM = KP2NB9CB6V;
				GENERATE_INFOPLIST_FILE = YES;
				MARKETING_VERSION = 1.0;
				PRODUCT_BUNDLE_IDENTIFIER = com.chicane.OngakuUITests;
				PRODUCT_NAME = "$(TARGET_NAME)";
				SWIFT_EMIT_LOC_STRINGS = NO;
				SWIFT_VERSION = 5.0;
				TARGETED_DEVICE_FAMILY = "1,2";
				TEST_TARGET_NAME = Ongaku;
			};
			name = Release;
		};
/* End XCBuildConfiguration section */

/* Begin XCConfigurationList section */
		BC4B6CD82D7D662F00A872F1 /* Build configuration list for PBXProject "Ongaku" */ = {
			isa = XCConfigurationList;
			buildConfigurations = (
				BC4B6CFF2D7D663100A872F1 /* Debug */,
				BC4B6D002D7D663100A872F1 /* Release */,
			);
			defaultConfigurationIsVisible = 0;
			defaultConfigurationName = Release;
		};
		BC4B6D012D7D663100A872F1 /* Build configuration list for PBXNativeTarget "Ongaku" */ = {
			isa = XCConfigurationList;
			buildConfigurations = (
				BC4B6D022D7D663100A872F1 /* Debug */,
				BC4B6D032D7D663100A872F1 /* Release */,
			);
			defaultConfigurationIsVisible = 0;
			defaultConfigurationName = Release;
		};
		BC4B6D042D7D663100A872F1 /* Build configuration list for PBXNativeTarget "OngakuTests" */ = {
			isa = XCConfigurationList;
			buildConfigurations = (
				BC4B6D052D7D663100A872F1 /* Debug */,
				BC4B6D062D7D663100A872F1 /* Release */,
			);
			defaultConfigurationIsVisible = 0;
			defaultConfigurationName = Release;
		};
		BC4B6D072D7D663100A872F1 /* Build configuration list for PBXNativeTarget "OngakuUITests" */ = {
			isa = XCConfigurationList;
			buildConfigurations = (
				BC4B6D082D7D663100A872F1 /* Debug */,
				BC4B6D092D7D663100A872F1 /* Release */,
			);
			defaultConfigurationIsVisible = 0;
			defaultConfigurationName = Release;
		};
/* End XCConfigurationList section */

/* Begin XCRemoteSwiftPackageReference section */
		BC4B6D2D2D801AB100A872F1 /* XCRemoteSwiftPackageReference "Alamofire" */ = {
			isa = XCRemoteSwiftPackageReference;
			repositoryURL = "https://github.com/Alamofire/Alamofire.git";
			requirement = {
				kind = exactVersion;
				version = 5.10.2;
			};
		};
/* End XCRemoteSwiftPackageReference section */

/* Begin XCSwiftPackageProductDependency section */
		BC4B6D582D801CF900A872F1 /* Alamofire */ = {
			isa = XCSwiftPackageProductDependency;
			package = BC4B6D2D2D801AB100A872F1 /* XCRemoteSwiftPackageReference "Alamofire" */;
			productName = Alamofire;
		};
/* End XCSwiftPackageProductDependency section */
	};
	rootObject = BC4B6CD52D7D662F00A872F1 /* Project object */;
}
